{"name":"miniapp-zuber","version":"1.0.0","lockfileVersion":2,"requires":true,"packages":{"":{"name":"miniapp-zuber","version":"1.0.0","license":"ISC","dependencies":{"@miniprogram-component-plus/index-list":"^1.0.0","weui-miniprogram":"^1.5.6"}},"node_modules/@miniprogram-component-plus/index-list":{"version":"1.0.0","resolved":"https://registry.npmmirror.com/@miniprogram-component-plus/index-list/-/index-list-1.0.0.tgz","integrity":"sha512-f7gRSTKnh+zNYuX68wIaPA7Ahk/NlPziP7GJ4A+z363MtqFrXUcPpuGT7qGpgCpF7aQIHtCJjg44RGxxUtbh3A=="},"node_modules/weui-miniprogram":{"version":"1.5.6","resolved":"https://registry.npmmirror.com/weui-miniprogram/-/weui-miniprogram-1.5.6.tgz","integrity":"sha512-bGRHUdrQkFf6FzNT5UTapAMRdZQF0UP2uKu9ZR4MkPNwO3cWzlrkW8vBLxdS6k02O3VeNFATj/AsBCjHAsMBzA=="}},"dependencies":{"@miniprogram-component-plus/index-list":{"version":"1.0.0","resolved":"https://registry.npmmirror.com/@miniprogram-component-plus/index-list/-/index-list-1.0.0.tgz","integrity":"sha512-f7gRSTKnh+zNYuX68wIaPA7Ahk/NlPziP7GJ4A+z363MtqFrXUcPpuGT7qGpgCpF7aQIHtCJjg44RGxxUtbh3A=="},"weui-miniprogram":{"version":"1.5.6","resolved":"https://registry.npmmirror.com/weui-miniprogram/-/weui-miniprogram-1.5.6.tgz","integrity":"sha512-bGRHUdrQkFf6FzNT5UTapAMRdZQF0UP2uKu9ZR4MkPNwO3cWzlrkW8vBLxdS6k02O3VeNFATj/AsBCjHAsMBzA=="}}}